
Microsoft Visual Studio Solution File, Format Version 12.00
# Visual Studio Version 17
VisualStudioVersion = 17.9.34310.174
MinimumVisualStudioVersion = 10.0.40219.1
Project("{FAE04EC0-301F-11D3-BF4B-00C04F79EFBC}") = "TestEnums", "TestEnums\TestEnums.csproj", "{2B0C616C-3EE9-409F-A3B1-122D918A8357}"
EndProject
Global
	GlobalSection(SolutionConfigurationPlatforms) = preSolution
		Debug|Any CPU = Debug|Any CPU
		Release|Any CPU = Release|Any CPU
	EndGlobalSection
	GlobalSection(ProjectConfigurationPlatforms) = postSolution
		{2B0C616C-3EE9-409F-A3B1-122D918A8357}.Debug|Any CPU.ActiveCfg = Debug|Any CPU
		{2B0C616C-3EE9-409F-A3B1-122D918A8357}.Debug|Any CPU.Build.0 = Debug|Any CPU
		{2B0C616C-3EE9-409F-A3B1-122D918A8357}.Release|Any CPU.ActiveCfg = Release|Any CPU
		{2B0C616C-3EE9-409F-A3B1-122D918A8357}.Release|Any CPU.Build.0 = Release|Any CPU
	EndGlobalSection
	GlobalSection(SolutionProperties) = preSolution
		HideSolutionNode = FALSE
	EndGlobalSection
	GlobalSection(ExtensibilityGlobals) = postSolution
		SolutionGuid = {38DCD19A-5842-4BB7-A856-F0657FC9B597}
	EndGlobalSection
EndGlobal
